{
    "_readme": [
        "This file locks the dependencies of your project to a known state",
        "Read more about it at http://getcomposer.org/doc/01-basic-usage.md#composer-lock-the-lock-file",
        "This file is @generated automatically"
    ],
    "hash": "c7071837eb173847dc035cdcc72bfcc5",
    "packages": [
        {
            "name": "denbeke/orm",
            "version": "dev-master",
            "source": {
                "type": "git",
                "url": "https://github.com/DenBeke/ORM.git",
                "reference": "b50237f4e2513e682a2d4f7e426a4c11dd8f0cd6"
            },
            "require": {
                "php": ">=5.4.0",
                "usmanhalalit/pixie": "1.*@dev"
            },
            "type": "library",
            "autoload": {
                "psr-4": {
                    "DenBeke\\ORM\\": "core/"
                }
            },
            "authors": [
                {
                    "name": "Mathias Beke",
                    "email": "git@denbeke.be"
                }
            ],
            "description": "Simple ORM implementation for PHP",
            "time": "2015-02-28 16:50:22"
        },
        {
            "name": "usmanhalalit/pixie",
            "version": "1.0.2",
            "source": {
                "type": "git",
                "url": "https://github.com/usmanhalalit/pixie.git",
                "reference": "4d9d33d0c55c838bc30e493342e48fb9dfc3825c"
            },
            "dist": {
                "type": "zip",
                "url": "https://api.github.com/repos/usmanhalalit/pixie/zipball/4d9d33d0c55c838bc30e493342e48fb9dfc3825c",
                "reference": "4d9d33d0c55c838bc30e493342e48fb9dfc3825c",
                "shasum": ""
            },
            "require": {
                "php": ">=5.3.0",
                "usmanhalalit/viocon": "1.0.*@dev"
            },
            "require-dev": {
                "mockery/mockery": "dev-master",
                "phpunit/phpunit": "3.7.*"
            },
            "type": "library",
            "autoload": {
                "psr-0": {
                    "Pixie": "src/"
                }
            },
            "notification-url": "http://packagist.org/downloads/",
            "license": [
                "MIT"
            ],
            "authors": [
                {
                    "name": "Muhammad Usman",
                    "email": "hi@usman.it",
                    "role": "Developer"
                }
            ],
            "description": "A lightweight, expressive, framework agnostic query builder for PHP.",
            "homepage": "https://github.com/usmanhalalit/pixie",
            "keywords": [
                "database",
                "mysql",
                "postgresql",
                "query builder",
                "sql",
                "sqlite"
            ],
            "time": "2013-09-27 13:18:41"
        },
        {
            "name": "usmanhalalit/viocon",
            "version": "1.0.1",
            "source": {
                "type": "git",
                "url": "https://github.com/usmanhalalit/viocon.git",
                "reference": "0878afee16f15355971fb95bf3c6d297aceff35d"
            },
            "dist": {
                "type": "zip",
                "url": "https://api.github.com/repos/usmanhalalit/viocon/zipball/0878afee16f15355971fb95bf3c6d297aceff35d",
                "reference": "0878afee16f15355971fb95bf3c6d297aceff35d",
                "shasum": ""
            },
            "require": {
                "php": ">=5.3.0"
            },
            "require-dev": {
                "phpunit/phpunit": "3.7.*"
            },
            "type": "library",
            "autoload": {
                "psr-0": {
                    "Viocon": "src/"
                }
            },
            "notification-url": "http://packagist.org/downloads/",
            "license": [
                "MIT"
            ],
            "authors": [
                {
                    "name": "Muhammad Usman",
                    "email": "hi@usman.it",
                    "role": "Developer"
                }
            ],
            "description": "A simple and flexible Dependency Injection container for PHP.",
            "homepage": "https://github.com/usmanhalalit/viocon",
            "keywords": [
                "container",
                "di",
                "ioc",
                "test"
            ],
            "time": "2013-07-13 19:54:56"
        }
    ],
    "packages-dev": [],
    "aliases": [],
    "minimum-stability": "stable",
    "stability-flags": {
        "denbeke/orm": 20
    },
    "prefer-stable": false,
    "prefer-lowest": false,
    "platform": {
        "php": ">=5.4.0"
    },
    "platform-dev": []
}
